
Microsoft Visual Studio Solution File, Format Version 10.00
# Visual Studio 2008
Project("{FAE04EC0-301F-11D3-BF4B-00C04F79EFBC}") = "PullingStatusTool", "PullingStatusTool\PullingStatusTool.csproj", "{89F3FF60-D450-4FEE-9C53-0C1EFE5AE518}"
EndProject
Global
	GlobalSection(SolutionConfigurationPlatforms) = preSolution
		Debug|Any CPU = Debug|Any CPU
		Release|Any CPU = Release|Any CPU
	EndGlobalSection
	GlobalSection(ProjectConfigurationPlatforms) = postSolution
		{89F3FF60-D450-4FEE-9C53-0C1EFE5AE518}.Debug|Any CPU.ActiveCfg = Debug|Any CPU
		{89F3FF60-D450-4FEE-9C53-0C1EFE5AE518}.Debug|Any CPU.Build.0 = Debug|Any CPU
		{89F3FF60-D450-4FEE-9C53-0C1EFE5AE518}.Release|Any CPU.ActiveCfg = Release|Any CPU
		{89F3FF60-D450-4FEE-9C53-0C1EFE5AE518}.Release|Any CPU.Build.0 = Release|Any CPU
	EndGlobalSection
	GlobalSection(SolutionProperties) = preSolution
		HideSolutionNode = FALSE
	EndGlobalSection
EndGlobal
